
Microsoft Visual Studio Solution File, Format Version 12.00
# Visual Studio Version 16
VisualStudioVersion = 16.0.30717.126
MinimumVisualStudioVersion = 10.0.40219.1
Project("{9A19103F-16F7-4668-BE54-9A1E7A4F7556}") = "Taste", "Taste\Taste.csproj", "{28BA6F10-6BF3-4084-9E56-859786E544DE}"
EndProject
Project("{9A19103F-16F7-4668-BE54-9A1E7A4F7556}") = "Taste.DataAccess", "Taste.DataAccess\Taste.DataAccess.csproj", "{CEB6232D-8C62-4AEA-A456-79AE56AA56BA}"
EndProject
Project("{9A19103F-16F7-4668-BE54-9A1E7A4F7556}") = "Taste.Models", "Taste.Models\Taste.Models.csproj", "{BB558CD7-7131-4694-B5BF-5EE4C01007BA}"
EndProject
Project("{9A19103F-16F7-4668-BE54-9A1E7A4F7556}") = "Taste.Utility", "Taste.Utility\Taste.Utility.csproj", "{9240B88F-6497-46C0-B9F4-D69AEC0AD74E}"
EndProject
Global
	GlobalSection(SolutionConfigurationPlatforms) = preSolution
		Debug|Any CPU = Debug|Any CPU
		Release|Any CPU = Release|Any CPU
	EndGlobalSection
	GlobalSection(ProjectConfigurationPlatforms) = postSolution
		{28BA6F10-6BF3-4084-9E56-859786E544DE}.Debug|Any CPU.ActiveCfg = Debug|Any CPU
		{28BA6F10-6BF3-4084-9E56-859786E544DE}.Debug|Any CPU.Build.0 = Debug|Any CPU
		{28BA6F10-6BF3-4084-9E56-859786E544DE}.Release|Any CPU.ActiveCfg = Release|Any CPU
		{28BA6F10-6BF3-4084-9E56-859786E544DE}.Release|Any CPU.Build.0 = Release|Any CPU
		{CEB6232D-8C62-4AEA-A456-79AE56AA56BA}.Debug|Any CPU.ActiveCfg = Debug|Any CPU
		{CEB6232D-8C62-4AEA-A456-79AE56AA56BA}.Debug|Any CPU.Build.0 = Debug|Any CPU
		{CEB6232D-8C62-4AEA-A456-79AE56AA56BA}.Release|Any CPU.ActiveCfg = Release|Any CPU
		{CEB6232D-8C62-4AEA-A456-79AE56AA56BA}.Release|Any CPU.Build.0 = Release|Any CPU
		{BB558CD7-7131-4694-B5BF-5EE4C01007BA}.Debug|Any CPU.ActiveCfg = Debug|Any CPU
		{BB558CD7-7131-4694-B5BF-5EE4C01007BA}.Debug|Any CPU.Build.0 = Debug|Any CPU
		{BB558CD7-7131-4694-B5BF-5EE4C01007BA}.Release|Any CPU.ActiveCfg = Release|Any CPU
		{BB558CD7-7131-4694-B5BF-5EE4C01007BA}.Release|Any CPU.Build.0 = Release|Any CPU
		{9240B88F-6497-46C0-B9F4-D69AEC0AD74E}.Debug|Any CPU.ActiveCfg = Debug|Any CPU
		{9240B88F-6497-46C0-B9F4-D69AEC0AD74E}.Debug|Any CPU.Build.0 = Debug|Any CPU
		{9240B88F-6497-46C0-B9F4-D69AEC0AD74E}.Release|Any CPU.ActiveCfg = Release|Any CPU
		{9240B88F-6497-46C0-B9F4-D69AEC0AD74E}.Release|Any CPU.Build.0 = Release|Any CPU
	EndGlobalSection
	GlobalSection(SolutionProperties) = preSolution
		HideSolutionNode = FALSE
	EndGlobalSection
	GlobalSection(ExtensibilityGlobals) = postSolution
		SolutionGuid = {493A48AE-1254-431F-BD85-C818FD49ECF5}
	EndGlobalSection
EndGlobal
